
Microsoft Visual Studio Solution File, Format Version 12.00
# Visual Studio Version 17
VisualStudioVersion = 17.11.35222.181
MinimumVisualStudioVersion = 10.0.40219.1
Project("{FAE04EC0-301F-11D3-BF4B-00C04F79EFBC}") = "Cwiczenia28102024", "Cwiczenia28102024\Cwiczenia28102024.csproj", "{F03D2C89-CA76-4B17-921A-8F371F901ACE}"
EndProject
Global
	GlobalSection(SolutionConfigurationPlatforms) = preSolution
		Debug|Any CPU = Debug|Any CPU
		Release|Any CPU = Release|Any CPU
	EndGlobalSection
	GlobalSection(ProjectConfigurationPlatforms) = postSolution
		{F03D2C89-CA76-4B17-921A-8F371F901ACE}.Debug|Any CPU.ActiveCfg = Debug|Any CPU
		{F03D2C89-CA76-4B17-921A-8F371F901ACE}.Debug|Any CPU.Build.0 = Debug|Any CPU
		{F03D2C89-CA76-4B17-921A-8F371F901ACE}.Release|Any CPU.ActiveCfg = Release|Any CPU
		{F03D2C89-CA76-4B17-921A-8F371F901ACE}.Release|Any CPU.Build.0 = Release|Any CPU
	EndGlobalSection
	GlobalSection(SolutionProperties) = preSolution
		HideSolutionNode = FALSE
	EndGlobalSection
	GlobalSection(ExtensibilityGlobals) = postSolution
		SolutionGuid = {FDE04094-9A4C-413A-AFDA-41EC8E8B8BE3}
	EndGlobalSection
EndGlobal
